// !$*UTF8*$!
{
	archiveVersion = 1;
	classes = {
	};
	objectVersion = 50;
	objects = {

/* Begin PBXBuildFile section */
		739E289524C5842300CB4382 /* AppDelegate.swift in Sources */ = {isa = PBXBuildFile; fileRef = 739E289424C5842300CB4382 /* AppDelegate.swift */; };
		739E289724C5842300CB4382 /* SceneDelegate.swift in Sources */ = {isa = PBXBuildFile; fileRef = 739E289624C5842300CB4382 /* SceneDelegate.swift */; };
		739E289924C5842300CB4382 /* FirstViewController.swift in Sources */ = {isa = PBXBuildFile; fileRef = 739E289824C5842300CB4382 /* FirstViewController.swift */; };
		739E289B24C5842300CB4382 /* SecondViewController.swift in Sources */ = {isa = PBXBuildFile; fileRef = 739E289A24C5842300CB4382 /* SecondViewController.swift */; };
		739E289E24C5842300CB4382 /* Main.storyboard in Resources */ = {isa = PBXBuildFile; fileRef = 739E289C24C5842300CB4382 /* Main.storyboard */; };
		739E28A024C5842600CB4382 /* Assets.xcassets in Resources */ = {isa = PBXBuildFile; fileRef = 739E289F24C5842600CB4382 /* Assets.xcassets */; };
		739E28A324C5842600CB4382 /* LaunchScreen.storyboard in Resources */ = {isa = PBXBuildFile; fileRef = 739E28A124C5842600CB4382 /* LaunchScreen.storyboard */; };
		739E28AE24C5842600CB4382 /* To_Do_ListTests.swift in Sources */ = {isa = PBXBuildFile; fileRef = 739E28AD24C5842600CB4382 /* To_Do_ListTests.swift */; };
		739E28B924C5842600CB4382 /* To_Do_ListUITests.swift in Sources */ = {isa = PBXBuildFile; fileRef = 739E28B824C5842600CB4382 /* To_Do_ListUITests.swift */; };
/* End PBXBuildFile section */

/* Begin PBXContainerItemProxy section */
		739E28AA24C5842600CB4382 /* PBXContainerItemProxy */ = {
			isa = PBXContainerItemProxy;
			containerPortal = 739E288924C5842300CB4382 /* Project object */;
			proxyType = 1;
			remoteGlobalIDString = 739E289024C5842300CB4382;
			remoteInfo = "To Do List";
		};
		739E28B524C5842600CB4382 /* PBXContainerItemProxy */ = {
			isa = PBXContainerItemProxy;
			containerPortal = 739E288924C5842300CB4382 /* Project object */;
			proxyType = 1;
			remoteGlobalIDString = 739E289024C5842300CB4382;
			remoteInfo = "To Do List";
		};
/* End PBXContainerItemProxy section */

/* Begin PBXFileReference section */
		739E289124C5842300CB4382 /* To Do List.app */ = {isa = PBXFileReference; explicitFileType = wrapper.application; includeInIndex = 0; path = "To Do List.app"; sourceTree = BUILT_PRODUCTS_DIR; };
		739E289424C5842300CB4382 /* AppDelegate.swift */ = {isa = PBXFileReference; lastKnownFileType = sourcecode.swift; path = AppDelegate.swift; sourceTree = "<group>"; };
		739E289624C5842300CB4382 /* SceneDelegate.swift */ = {isa = PBXFileReference; lastKnownFileType = sourcecode.swift; path = SceneDelegate.swift; sourceTree = "<group>"; };
		739E289824C5842300CB4382 /* FirstViewController.swift */ = {isa = PBXFileReference; lastKnownFileType = sourcecode.swift; path = FirstViewController.swift; sourceTree = "<group>"; };
		739E289A24C5842300CB4382 /* SecondViewController.swift */ = {isa = PBXFileReference; lastKnownFileType = sourcecode.swift; path = SecondViewController.swift; sourceTree = "<group>"; };
		739E289D24C5842300CB4382 /* Base */ = {isa = PBXFileReference; lastKnownFileType = file.storyboard; name = Base; path = Base.lproj/Main.storyboard; sourceTree = "<group>"; };
		739E289F24C5842600CB4382 /* Assets.xcassets */ = {isa = PBXFileReference; lastKnownFileType = folder.assetcatalog; path = Assets.xcassets; sourceTree = "<group>"; };
		739E28A224C5842600CB4382 /* Base */ = {isa = PBXFileReference; lastKnownFileType = file.storyboard; name = Base; path = Base.lproj/LaunchScreen.storyboard; sourceTree = "<group>"; };
		739E28A424C5842600CB4382 /* Info.plist */ = {isa = PBXFileReference; lastKnownFileType = text.plist.xml; path = Info.plist; sourceTree = "<group>"; };
		739E28A924C5842600CB4382 /* To Do ListTests.xctest */ = {isa = PBXFileReference; explicitFileType = wrapper.cfbundle; includeInIndex = 0; path = "To Do ListTests.xctest"; sourceTree = BUILT_PRODUCTS_DIR; };
		739E28AD24C5842600CB4382 /* To_Do_ListTests.swift */ = {isa = PBXFileReference; lastKnownFileType = sourcecode.swift; path = To_Do_ListTests.swift; sourceTree = "<group>"; };
		739E28AF24C5842600CB4382 /* Info.plist */ = {isa = PBXFileReference; lastKnownFileType = text.plist.xml; path = Info.plist; sourceTree = "<group>"; };
		739E28B424C5842600CB4382 /* To Do ListUITests.xctest */ = {isa = PBXFileReference; explicitFileType = wrapper.cfbundle; includeInIndex = 0; path = "To Do ListUITests.xctest"; sourceTree = BUILT_PRODUCTS_DIR; };
		739E28B824C5842600CB4382 /* To_Do_ListUITests.swift */ = {isa = PBXFileReference; lastKnownFileType = sourcecode.swift; path = To_Do_ListUITests.swift; sourceTree = "<group>"; };
		739E28BA24C5842600CB4382 /* Info.plist */ = {isa = PBXFileReference; lastKnownFileType = text.plist.xml; path = Info.plist; sourceTree = "<group>"; };
/* End PBXFileReference section */

/* Begin PBXFrameworksBuildPhase section */
		739E288E24C5842300CB4382 /* Frameworks */ = {
			isa = PBXFrameworksBuildPhase;
			buildActionMask = 2147483647;
			files = (
			);
			runOnlyForDeploymentPostprocessing = 0;
		};
		739E28A624C5842600CB4382 /* Frameworks */ = {
			isa = PBXFrameworksBuildPhase;
			buildActionMask = 2147483647;
			files = (
			);
			runOnlyForDeploymentPostprocessing = 0;
		};
		739E28B124C5842600CB4382 /* Frameworks */ = {
			isa = PBXFrameworksBuildPhase;
			buildActionMask = 2147483647;
			files = (
			);
			runOnlyForDeploymentPostprocessing = 0;
		};
/* End PBXFrameworksBuildPhase section */

/* Begin PBXGroup section */
		739E288824C5842300CB4382 = {
			isa = PBXGroup;
			children = (
				739E289324C5842300CB4382 /* To Do List */,
				739E28AC24C5842600CB4382 /* To Do ListTests */,
				739E28B724C5842600CB4382 /* To Do ListUITests */,
				739E289224C5842300CB4382 /* Products */,
			);
			sourceTree = "<group>";
		};
		739E289224C5842300CB4382 /* Products */ = {
			isa = PBXGroup;
			children = (
				739E289124C5842300CB4382 /* To Do List.app */,
				739E28A924C5842600CB4382 /* To Do ListTests.xctest */,
				739E28B424C5842600CB4382 /* To Do ListUITests.xctest */,
			);
			name = Products;
			sourceTree = "<group>";
		};
		739E289324C5842300CB4382 /* To Do List */ = {
			isa = PBXGroup;
			children = (
				739E289424C5842300CB4382 /* AppDelegate.swift */,
				739E289624C5842300CB4382 /* SceneDelegate.swift */,
				739E289824C5842300CB4382 /* FirstViewController.swift */,
				739E289A24C5842300CB4382 /* SecondViewController.swift */,
				739E289C24C5842300CB4382 /* Main.storyboard */,
				739E289F24C5842600CB4382 /* Assets.xcassets */,
				739E28A124C5842600CB4382 /* LaunchScreen.storyboard */,
				739E28A424C5842600CB4382 /* Info.plist */,
			);
			path = "To Do List";
			sourceTree = "<group>";
		};
		739E28AC24C5842600CB4382 /* To Do ListTests */ = {
			isa = PBXGroup;
			children = (
				739E28AD24C5842600CB4382 /* To_Do_ListTests.swift */,
				739E28AF24C5842600CB4382 /* Info.plist */,
			);
			path = "To Do ListTests";
			sourceTree = "<group>";
		};
		739E28B724C5842600CB4382 /* To Do ListUITests */ = {
			isa = PBXGroup;
			children = (
				739E28B824C5842600CB4382 /* To_Do_ListUITests.swift */,
				739E28BA24C5842600CB4382 /* Info.plist */,
			);
			path = "To Do ListUITests";
			sourceTree = "<group>";
		};
/* End PBXGroup section */

/* Begin PBXNativeTarget section */
		739E289024C5842300CB4382 /* To Do List */ = {
			isa = PBXNativeTarget;
			buildConfigurationList = 739E28BD24C5842600CB4382 /* Build configuration list for PBXNativeTarget "To Do List" */;
			buildPhases = (
				739E288D24C5842300CB4382 /* Sources */,
				739E288E24C5842300CB4382 /* Frameworks */,
				739E288F24C5842300CB4382 /* Resources */,
			);
			buildRules = (
			);
			dependencies = (
			);
			name = "To Do List";
			productName = "To Do List";
			productReference = 739E289124C5842300CB4382 /* To Do List.app */;
			productType = "com.apple.product-type.application";
		};
		739E28A824C5842600CB4382 /* To Do ListTests */ = {
			isa = PBXNativeTarget;
			buildConfigurationList = 739E28C024C5842600CB4382 /* Build configuration list for PBXNativeTarget "To Do ListTests" */;
			buildPhases = (
				739E28A524C5842600CB4382 /* Sources */,
				739E28A624C5842600CB4382 /* Frameworks */,
				739E28A724C5842600CB4382 /* Resources */,
			);
			buildRules = (
			);
			dependencies = (
				739E28AB24C5842600CB4382 /* PBXTargetDependency */,
			);
			name = "To Do ListTests";
			productName = "To Do ListTests";
			productReference = 739E28A924C5842600CB4382 /* To Do ListTests.xctest */;
			productType = "com.apple.product-type.bundle.unit-test";
		};
		739E28B324C5842600CB4382 /* To Do ListUITests */ = {
			isa = PBXNativeTarget;
			buildConfigurationList = 739E28C324C5842600CB4382 /* Build configuration list for PBXNativeTarget "To Do ListUITests" */;
			buildPhases = (
				739E28B024C5842600CB4382 /* Sources */,
				739E28B124C5842600CB4382 /* Frameworks */,
				739E28B224C5842600CB4382 /* Resources */,
			);
			buildRules = (
			);
			dependencies = (
				739E28B624C5842600CB4382 /* PBXTargetDependency */,
			);
			name = "To Do ListUITests";
			productName = "To Do ListUITests";
			productReference = 739E28B424C5842600CB4382 /* To Do ListUITests.xctest */;
			productType = "com.apple.product-type.bundle.ui-testing";
		};
/* End PBXNativeTarget section */

/* Begin PBXProject section */
		739E288924C5842300CB4382 /* Project object */ = {
			isa = PBXProject;
			attributes = {
				LastSwiftUpdateCheck = 1150;
				LastUpgradeCheck = 1150;
				ORGANIZATIONNAME = "RuiJun haung";
				TargetAttributes = {
					739E289024C5842300CB4382 = {
						CreatedOnToolsVersion = 11.5;
					};
					739E28A824C5842600CB4382 = {
						CreatedOnToolsVersion = 11.5;
						TestTargetID = 739E289024C5842300CB4382;
					};
					739E28B324C5842600CB4382 = {
						CreatedOnToolsVersion = 11.5;
						TestTargetID = 739E289024C5842300CB4382;
					};
				};
			};
			buildConfigurationList = 739E288C24C5842300CB4382 /* Build configuration list for PBXProject "To Do List" */;
			compatibilityVersion = "Xcode 9.3";
			developmentRegion = en;
			hasScannedForEncodings = 0;
			knownRegions = (
				en,
				Base,
			);
			mainGroup = 739E288824C5842300CB4382;
			productRefGroup = 739E289224C5842300CB4382 /* Products */;
			projectDirPath = "";
			projectRoot = "";
			targets = (
				739E289024C5842300CB4382 /* To Do List */,
				739E28A824C5842600CB4382 /* To Do ListTests */,
				739E28B324C5842600CB4382 /* To Do ListUITests */,
			);
		};
/* End PBXProject section */

/* Begin PBXResourcesBuildPhase section */
		739E288F24C5842300CB4382 /* Resources */ = {
			isa = PBXResourcesBuildPhase;
			buildActionMask = 2147483647;
			files = (
				739E28A324C5842600CB4382 /* LaunchScreen.storyboard in Resources */,
				739E28A024C5842600CB4382 /* Assets.xcassets in Resources */,
				739E289E24C5842300CB4382 /* Main.storyboard in Resources */,
			);
			runOnlyForDeploymentPostprocessing = 0;
		};
		739E28A724C5842600CB4382 /* Resources */ = {
			isa = PBXResourcesBuildPhase;
			buildActionMask = 2147483647;
			files = (
			);
			runOnlyForDeploymentPostprocessing = 0;
		};
		739E28B224C5842600CB4382 /* Resources */ = {
			isa = PBXResourcesBuildPhase;
			buildActionMask = 2147483647;
			files = (
			);
			runOnlyForDeploymentPostprocessing = 0;
		};
/* End PBXResourcesBuildPhase section */

/* Begin PBXSourcesBuildPhase section */
		739E288D24C5842300CB4382 /* Sources */ = {
			isa = PBXSourcesBuildPhase;
			buildActionMask = 2147483647;
			files = (
				739E289B24C5842300CB4382 /* SecondViewController.swift in Sources */,
				739E289924C5842300CB4382 /* FirstViewController.swift in Sources */,
				739E289524C5842300CB4382 /* AppDelegate.swift in Sources */,
				739E289724C5842300CB4382 /* SceneDelegate.swift in Sources */,
			);
			runOnlyForDeploymentPostprocessing = 0;
		};
		739E28A524C5842600CB4382 /* Sources */ = {
			isa = PBXSourcesBuildPhase;
			buildActionMask = 2147483647;
			files = (
				739E28AE24C5842600CB4382 /* To_Do_ListTests.swift in Sources */,
			);
			runOnlyForDeploymentPostprocessing = 0;
		};
		739E28B024C5842600CB4382 /* Sources */ = {
			isa = PBXSourcesBuildPhase;
			buildActionMask = 2147483647;
			files = (
				739E28B924C5842600CB4382 /* To_Do_ListUITests.swift in Sources */,
			);
			runOnlyForDeploymentPostprocessing = 0;
		};
/* End PBXSourcesBuildPhase section */

/* Begin PBXTargetDependency section */
		739E28AB24C5842600CB4382 /* PBXTargetDependency */ = {
			isa = PBXTargetDependency;
			target = 739E289024C5842300CB4382 /* To Do List */;
			targetProxy = 739E28AA24C5842600CB4382 /* PBXContainerItemProxy */;
		};
		739E28B624C5842600CB4382 /* PBXTargetDependency */ = {
			isa = PBXTargetDependency;
			target = 739E289024C5842300CB4382 /* To Do List */;
			targetProxy = 739E28B524C5842600CB4382 /* PBXContainerItemProxy */;
		};
/* End PBXTargetDependency section */

/* Begin PBXVariantGroup section */
		739E289C24C5842300CB4382 /* Main.storyboard */ = {
			isa = PBXVariantGroup;
			children = (
				739E289D24C5842300CB4382 /* Base */,
			);
			name = Main.storyboard;
			sourceTree = "<group>";
		};
		739E28A124C5842600CB4382 /* LaunchScreen.storyboard */ = {
			isa = PBXVariantGroup;
			children = (
				739E28A224C5842600CB4382 /* Base */,
			);
			name = LaunchScreen.storyboard;
			sourceTree = "<group>";
		};
/* End PBXVariantGroup section */

/* Begin XCBuildConfiguration section */
		739E28BB24C5842600CB4382 /* Debug */ = {
			isa = XCBuildConfiguration;
			buildSettings = {
				ALWAYS_SEARCH_USER_PATHS = NO;
				CLANG_ANALYZER_NONNULL = YES;
				CLANG_ANALYZER_NUMBER_OBJECT_CONVERSION = YES_AGGRESSIVE;
				CLANG_CXX_LANGUAGE_STANDARD = "gnu++14";
				CLANG_CXX_LIBRARY = "libc++";
				CLANG_ENABLE_MODULES = YES;
				CLANG_ENABLE_OBJC_ARC = YES;
				CLANG_ENABLE_OBJC_WEAK = YES;
				CLANG_WARN_BLOCK_CAPTURE_AUTORELEASING = YES;
				CLANG_WARN_BOOL_CONVERSION = YES;
				CLANG_WARN_COMMA = YES;
				CLANG_WARN_CONSTANT_CONVERSION = YES;
				CLANG_WARN_DEPRECATED_OBJC_IMPLEMENTATIONS = YES;
				CLANG_WARN_DIRECT_OBJC_ISA_USAGE = YES_ERROR;
				CLANG_WARN_DOCUMENTATION_COMMENTS = YES;
				CLANG_WARN_EMPTY_BODY = YES;
				CLANG_WARN_ENUM_CONVERSION = YES;
				CLANG_WARN_INFINITE_RECURSION = YES;
				CLANG_WARN_INT_CONVERSION = YES;
				CLANG_WARN_NON_LITERAL_NULL_CONVERSION = YES;
				CLANG_WARN_OBJC_IMPLICIT_RETAIN_SELF = YES;
				CLANG_WARN_OBJC_LITERAL_CONVERSION = YES;
				CLANG_WARN_OBJC_ROOT_CLASS = YES_ERROR;
				CLANG_WARN_RANGE_LOOP_ANALYSIS = YES;
				CLANG_WARN_STRICT_PROTOTYPES = YES;
				CLANG_WARN_SUSPICIOUS_MOVE = YES;
				CLANG_WARN_UNGUARDED_AVAILABILITY = YES_AGGRESSIVE;
				CLANG_WARN_UNREACHABLE_CODE = YES;
				CLANG_WARN__DUPLICATE_METHOD_MATCH = YES;
				COPY_PHASE_STRIP = NO;
				DEBUG_INFORMATION_FORMAT = dwarf;
				ENABLE_STRICT_OBJC_MSGSEND = YES;
				ENABLE_TESTABILITY = YES;
				GCC_C_LANGUAGE_STANDARD = gnu11;
				GCC_DYNAMIC_NO_PIC = NO;
				GCC_NO_COMMON_BLOCKS = YES;
				GCC_OPTIMIZATION_LEVEL = 0;
				GCC_PREPROCESSOR_DEFINITIONS = (
					"DEBUG=1",
					"$(inherited)",
				);
				GCC_WARN_64_TO_32_BIT_CONVERSION = YES;
				GCC_WARN_ABOUT_RETURN_TYPE = YES_ERROR;
				GCC_WARN_UNDECLARED_SELECTOR = YES;
				GCC_WARN_UNINITIALIZED_AUTOS = YES_AGGRESSIVE;
				GCC_WARN_UNUSED_FUNCTION = YES;
				GCC_WARN_UNUSED_VARIABLE = YES;
				IPHONEOS_DEPLOYMENT_TARGET = 13.5;
				MTL_ENABLE_DEBUG_INFO = INCLUDE_SOURCE;
				MTL_FAST_MATH = YES;
				ONLY_ACTIVE_ARCH = YES;
				SDKROOT = iphoneos;
				SWIFT_ACTIVE_COMPILATION_CONDITIONS = DEBUG;
				SWIFT_OPTIMIZATION_LEVEL = "-Onone";
			};
			name = Debug;
		};
		739E28BC24C5842600CB4382 /* Release */ = {
			isa = XCBuildConfiguration;
			buildSettings = {
				ALWAYS_SEARCH_USER_PATHS = NO;
				CLANG_ANALYZER_NONNULL = YES;
				CLANG_ANALYZER_NUMBER_OBJECT_CONVERSION = YES_AGGRESSIVE;
				CLANG_CXX_LANGUAGE_STANDARD = "gnu++14";
				CLANG_CXX_LIBRARY = "libc++";
				CLANG_ENABLE_MODULES = YES;
				CLANG_ENABLE_OBJC_ARC = YES;
				CLANG_ENABLE_OBJC_WEAK = YES;
				CLANG_WARN_BLOCK_CAPTURE_AUTORELEASING = YES;
				CLANG_WARN_BOOL_CONVERSION = YES;
				CLANG_WARN_COMMA = YES;
				CLANG_WARN_CONSTANT_CONVERSION = YES;
				CLANG_WARN_DEPRECATED_OBJC_IMPLEMENTATIONS = YES;
				CLANG_WARN_DIRECT_OBJC_ISA_USAGE = YES_ERROR;
				CLANG_WARN_DOCUMENTATION_COMMENTS = YES;
				CLANG_WARN_EMPTY_BODY = YES;
				CLANG_WARN_ENUM_CONVERSION = YES;
				CLANG_WARN_INFINITE_RECURSION = YES;
				CLANG_WARN_INT_CONVERSION = YES;
				CLANG_WARN_NON_LITERAL_NULL_CONVERSION = YES;
				CLANG_WARN_OBJC_IMPLICIT_RETAIN_SELF = YES;
				CLANG_WARN_OBJC_LITERAL_CONVERSION = YES;
				CLANG_WARN_OBJC_ROOT_CLASS = YES_ERROR;
				CLANG_WARN_RANGE_LOOP_ANALYSIS = YES;
				CLANG_WARN_STRICT_PROTOTYPES = YES;
				CLANG_WARN_SUSPICIOUS_MOVE = YES;
				CLANG_WARN_UNGUARDED_AVAILABILITY = YES_AGGRESSIVE;
				CLANG_WARN_UNREACHABLE_CODE = YES;
				CLANG_WARN__DUPLICATE_METHOD_MATCH = YES;
				COPY_PHASE_STRIP = NO;
				DEBUG_INFORMATION_FORMAT = "dwarf-with-dsym";
				ENABLE_NS_ASSERTIONS = NO;
				ENABLE_STRICT_OBJC_MSGSEND = YES;
				GCC_C_LANGUAGE_STANDARD = gnu11;
				GCC_NO_COMMON_BLOCKS = YES;
				GCC_WARN_64_TO_32_BIT_CONVERSION = YES;
				GCC_WARN_ABOUT_RETURN_TYPE = YES_ERROR;
				GCC_WARN_UNDECLARED_SELECTOR = YES;
				GCC_WARN_UNINITIALIZED_AUTOS = YES_AGGRESSIVE;
				GCC_WARN_UNUSED_FUNCTION = YES;
				GCC_WARN_UNUSED_VARIABLE = YES;
				IPHONEOS_DEPLOYMENT_TARGET = 13.5;
				MTL_ENABLE_DEBUG_INFO = NO;
				MTL_FAST_MATH = YES;
				SDKROOT = iphoneos;
				SWIFT_COMPILATION_MODE = wholemodule;
				SWIFT_OPTIMIZATION_LEVEL = "-O";
				VALIDATE_PRODUCT = YES;
			};
			name = Release;
		};
		739E28BE24C5842600CB4382 /* Debug */ = {
			isa = XCBuildConfiguration;
			buildSettings = {
				ASSETCATALOG_COMPILER_APPICON_NAME = AppIcon;
				CODE_SIGN_STYLE = Automatic;
				INFOPLIST_FILE = "To Do List/Info.plist";
				LD_RUNPATH_SEARCH_PATHS = (
					"$(inherited)",
					"@executable_path/Frameworks",
				);
				PRODUCT_BUNDLE_IDENTIFIER = "ruijun.com.To-Do-List";
				PRODUCT_NAME = "$(TARGET_NAME)";
				SWIFT_VERSION = 5.0;
				TARGETED_DEVICE_FAMILY = "1,2";
			};
			name = Debug;
		};
		739E28BF24C5842600CB4382 /* Release */ = {
			isa = XCBuildConfiguration;
			buildSettings = {
				ASSETCATALOG_COMPILER_APPICON_NAME = AppIcon;
				CODE_SIGN_STYLE = Automatic;
				INFOPLIST_FILE = "To Do List/Info.plist";
				LD_RUNPATH_SEARCH_PATHS = (
					"$(inherited)",
					"@executable_path/Frameworks",
				);
				PRODUCT_BUNDLE_IDENTIFIER = "ruijun.com.To-Do-List";
				PRODUCT_NAME = "$(TARGET_NAME)";
				SWIFT_VERSION = 5.0;
				TARGETED_DEVICE_FAMILY = "1,2";
			};
			name = Release;
		};
		739E28C124C5842600CB4382 /* Debug */ = {
			isa = XCBuildConfiguration;
			buildSettings = {
				ALWAYS_EMBED_SWIFT_STANDARD_LIBRARIES = YES;
				BUNDLE_LOADER = "$(TEST_HOST)";
				CODE_SIGN_STYLE = Automatic;
				INFOPLIST_FILE = "To Do ListTests/Info.plist";
				IPHONEOS_DEPLOYMENT_TARGET = 13.5;
				LD_RUNPATH_SEARCH_PATHS = (
					"$(inherited)",
					"@executable_path/Frameworks",
					"@loader_path/Frameworks",
				);
				PRODUCT_BUNDLE_IDENTIFIER = "ruijun.com.To-Do-ListTests";
				PRODUCT_NAME = "$(TARGET_NAME)";
				SWIFT_VERSION = 5.0;
				TARGETED_DEVICE_FAMILY = "1,2";
				TEST_HOST = "$(BUILT_PRODUCTS_DIR)/To Do List.app/To Do List";
			};
			name = Debug;
		};
		739E28C224C5842600CB4382 /* Release */ = {
			isa = XCBuildConfiguration;
			buildSettings = {
				ALWAYS_EMBED_SWIFT_STANDARD_LIBRARIES = YES;
				BUNDLE_LOADER = "$(TEST_HOST)";
				CODE_SIGN_STYLE = Automatic;
				INFOPLIST_FILE = "To Do ListTests/Info.plist";
				IPHONEOS_DEPLOYMENT_TARGET = 13.5;
				LD_RUNPATH_SEARCH_PATHS = (
					"$(inherited)",
					"@executable_path/Frameworks",
					"@loader_path/Frameworks",
				);
				PRODUCT_BUNDLE_IDENTIFIER = "ruijun.com.To-Do-ListTests";
				PRODUCT_NAME = "$(TARGET_NAME)";
				SWIFT_VERSION = 5.0;
				TARGETED_DEVICE_FAMILY = "1,2";
				TEST_HOST = "$(BUILT_PRODUCTS_DIR)/To Do List.app/To Do List";
			};
			name = Release;
		};
		739E28C424C5842600CB4382 /* Debug */ = {
			isa = XCBuildConfiguration;
			buildSettings = {
				ALWAYS_EMBED_SWIFT_STANDARD_LIBRARIES = YES;
				CODE_SIGN_STYLE = Automatic;
				INFOPLIST_FILE = "To Do ListUITests/Info.plist";
				LD_RUNPATH_SEARCH_PATHS = (
					"$(inherited)",
					"@executable_path/Frameworks",
					"@loader_path/Frameworks",
				);
				PRODUCT_BUNDLE_IDENTIFIER = "ruijun.com.To-Do-ListUITests";
				PRODUCT_NAME = "$(TARGET_NAME)";
				SWIFT_VERSION = 5.0;
				TARGETED_DEVICE_FAMILY = "1,2";
				TEST_TARGET_NAME = "To Do List";
			};
			name = Debug;
		};
		739E28C524C5842600CB4382 /* Release */ = {
			isa = XCBuildConfiguration;
			buildSettings = {
				ALWAYS_EMBED_SWIFT_STANDARD_LIBRARIES = YES;
				CODE_SIGN_STYLE = Automatic;
				INFOPLIST_FILE = "To Do ListUITests/Info.plist";
				LD_RUNPATH_SEARCH_PATHS = (
					"$(inherited)",
					"@executable_path/Frameworks",
					"@loader_path/Frameworks",
				);
				PRODUCT_BUNDLE_IDENTIFIER = "ruijun.com.To-Do-ListUITests";
				PRODUCT_NAME = "$(TARGET_NAME)";
				SWIFT_VERSION = 5.0;
				TARGETED_DEVICE_FAMILY = "1,2";
				TEST_TARGET_NAME = "To Do List";
			};
			name = Release;
		};
/* End XCBuildConfiguration section */

/* Begin XCConfigurationList section */
		739E288C24C5842300CB4382 /* Build configuration list for PBXProject "To Do List" */ = {
			isa = XCConfigurationList;
			buildConfigurations = (
				739E28BB24C5842600CB4382 /* Debug */,
				739E28BC24C5842600CB4382 /* Release */,
			);
			defaultConfigurationIsVisible = 0;
			defaultConfigurationName = Release;
		};
		739E28BD24C5842600CB4382 /* Build configuration list for PBXNativeTarget "To Do List" */ = {
			isa = XCConfigurationList;
			buildConfigurations = (
				739E28BE24C5842600CB4382 /* Debug */,
				739E28BF24C5842600CB4382 /* Release */,
			);
			defaultConfigurationIsVisible = 0;
			defaultConfigurationName = Release;
		};
		739E28C024C5842600CB4382 /* Build configuration list for PBXNativeTarget "To Do ListTests" */ = {
			isa = XCConfigurationList;
			buildConfigurations = (
				739E28C124C5842600CB4382 /* Debug */,
				739E28C224C5842600CB4382 /* Release */,
			);
			defaultConfigurationIsVisible = 0;
			defaultConfigurationName = Release;
		};
		739E28C324C5842600CB4382 /* Build configuration list for PBXNativeTarget "To Do ListUITests" */ = {
			isa = XCConfigurationList;
			buildConfigurations = (
				739E28C424C5842600CB4382 /* Debug */,
				739E28C524C5842600CB4382 /* Release */,
			);
			defaultConfigurationIsVisible = 0;
			defaultConfigurationName = Release;
		};
/* End XCConfigurationList section */
	};
	rootObject = 739E288924C5842300CB4382 /* Project object */;
}
